
Microsoft Visual Studio Solution File, Format Version 12.00
# Visual Studio Version 16
VisualStudioVersion = 16.0.30717.126
MinimumVisualStudioVersion = 10.0.40219.1
Project("{FAE04EC0-301F-11D3-BF4B-00C04F79EFBC}") = "GunlukEFDBFirst", "GunlukEFDBFirst\GunlukEFDBFirst.csproj", "{4EE3F2F0-7EF4-4B0E-B928-011C275BB934}"
EndProject
Global
	GlobalSection(SolutionConfigurationPlatforms) = preSolution
		Debug|Any CPU = Debug|Any CPU
		Release|Any CPU = Release|Any CPU
	EndGlobalSection
	GlobalSection(ProjectConfigurationPlatforms) = postSolution
		{4EE3F2F0-7EF4-4B0E-B928-011C275BB934}.Debug|Any CPU.ActiveCfg = Debug|Any CPU
		{4EE3F2F0-7EF4-4B0E-B928-011C275BB934}.Debug|Any CPU.Build.0 = Debug|Any CPU
		{4EE3F2F0-7EF4-4B0E-B928-011C275BB934}.Release|Any CPU.ActiveCfg = Release|Any CPU
		{4EE3F2F0-7EF4-4B0E-B928-011C275BB934}.Release|Any CPU.Build.0 = Release|Any CPU
	EndGlobalSection
	GlobalSection(SolutionProperties) = preSolution
		HideSolutionNode = FALSE
	EndGlobalSection
	GlobalSection(ExtensibilityGlobals) = postSolution
		SolutionGuid = {4C1AE930-28F8-496A-AF12-6D4B4A71786F}
	EndGlobalSection
EndGlobal
